<?xml version="1.0" encoding="utf-8"?>
<Project ToolsVersion="4.0" xmlns="http://schemas.microsoft.com/developer/msbuild/2003">
  <ItemGroup>
    <ClCompile Include="application.cpp" />
    <ClCompile Include="applicationUI.cpp" />
    <ClCompile Include="main.cpp" />
    <ClCompile Include="pch.cpp" />
    <ClCompile Include="inventory.cpp" />
    <ClCompile Include="utilTools.cpp" />
    <ClCompile Include="stockMarket.cpp" />
  </ItemGroup>
  <ItemGroup>
    <ClInclude Include="application.h" />
    <ClInclude Include="applicationUI.h" />
    <ClInclude Include="pch.h" />
    <ClInclude Include="inventory.h" />
    <ClInclude Include="utilTools.h" />
    <ClInclude Include="stockMarket.h" />
  </ItemGroup>
  <ItemGroup>
    <Filter Include="data">
      <UniqueIdentifier>{6dbebfef-690e-40a7-a499-5b994ec92efe}</UniqueIdentifier>
    </Filter>
  </ItemGroup>
  <ItemGroup>
    <None Include="..\..\data\item_products.json">
      <Filter>data</Filter>
    </None>
    <None Include="..\..\data\vendor_characters.json">
      <Filter>data</Filter>
    </None>
    <None Include="..\..\data\news.json">
      <Filter>data</Filter>
    </None>
  </ItemGroup>
</Project>